// !$*UTF8*$!
{
	archiveVersion = 1;
	classes = {
	};
	objectVersion = 50;
	objects = {

/* Begin PBXBuildFile section */
		275CDE5425E8E67400EF3B61 /* MemoGameApp.swift in Sources */ = {isa = PBXBuildFile; fileRef = 275CDE5325E8E67400EF3B61 /* MemoGameApp.swift */; };
		275CDE5625E8E67400EF3B61 /* EmojiMemoGameView.swift in Sources */ = {isa = PBXBuildFile; fileRef = 275CDE5525E8E67400EF3B61 /* EmojiMemoGameView.swift */; };
		275CDE5825E8E67600EF3B61 /* Assets.xcassets in Resources */ = {isa = PBXBuildFile; fileRef = 275CDE5725E8E67600EF3B61 /* Assets.xcassets */; };
		275CDE5B25E8E67600EF3B61 /* Preview Assets.xcassets in Resources */ = {isa = PBXBuildFile; fileRef = 275CDE5A25E8E67600EF3B61 /* Preview Assets.xcassets */; };
		277721BF25E8F8D300C7B657 /* MemoGame.swift in Sources */ = {isa = PBXBuildFile; fileRef = 277721BE25E8F8D300C7B657 /* MemoGame.swift */; };
		277721C225E8FA7D00C7B657 /* EmojiMemoGame.swift in Sources */ = {isa = PBXBuildFile; fileRef = 277721C125E8FA7D00C7B657 /* EmojiMemoGame.swift */; };
		27970D43264DABCA00C93E60 /* Pie.swift in Sources */ = {isa = PBXBuildFile; fileRef = 27970D42264DABCA00C93E60 /* Pie.swift */; };
		27970D45264DB27000C93E60 /* Cardify.swift in Sources */ = {isa = PBXBuildFile; fileRef = 27970D44264DB27000C93E60 /* Cardify.swift */; };
		27DDB9A325F2B3B7003E0952 /* Grid.swift in Sources */ = {isa = PBXBuildFile; fileRef = 27DDB9A225F2B3B7003E0952 /* Grid.swift */; };
		27DDB9A625F2B9FD003E0952 /* GridLayout.swift in Sources */ = {isa = PBXBuildFile; fileRef = 27DDB9A525F2B9FD003E0952 /* GridLayout.swift */; };
		27DDB9A925F2C6CB003E0952 /* Array+Identifiable.swift in Sources */ = {isa = PBXBuildFile; fileRef = 27DDB9A825F2C6CB003E0952 /* Array+Identifiable.swift */; };
		27DDB9AC25F2D16C003E0952 /* Array+Only.swift in Sources */ = {isa = PBXBuildFile; fileRef = 27DDB9AB25F2D16C003E0952 /* Array+Only.swift */; };
/* End PBXBuildFile section */

/* Begin PBXFileReference section */
		275CDE5025E8E67400EF3B61 /* MemoGame.app */ = {isa = PBXFileReference; explicitFileType = wrapper.application; includeInIndex = 0; path = MemoGame.app; sourceTree = BUILT_PRODUCTS_DIR; };
		275CDE5325E8E67400EF3B61 /* MemoGameApp.swift */ = {isa = PBXFileReference; lastKnownFileType = sourcecode.swift; path = MemoGameApp.swift; sourceTree = "<group>"; };
		275CDE5525E8E67400EF3B61 /* EmojiMemoGameView.swift */ = {isa = PBXFileReference; lastKnownFileType = sourcecode.swift; path = EmojiMemoGameView.swift; sourceTree = "<group>"; };
		275CDE5725E8E67600EF3B61 /* Assets.xcassets */ = {isa = PBXFileReference; lastKnownFileType = folder.assetcatalog; path = Assets.xcassets; sourceTree = "<group>"; };
		275CDE5A25E8E67600EF3B61 /* Preview Assets.xcassets */ = {isa = PBXFileReference; lastKnownFileType = folder.assetcatalog; path = "Preview Assets.xcassets"; sourceTree = "<group>"; };
		275CDE5C25E8E67600EF3B61 /* Info.plist */ = {isa = PBXFileReference; lastKnownFileType = text.plist.xml; path = Info.plist; sourceTree = "<group>"; };
		277721BE25E8F8D300C7B657 /* MemoGame.swift */ = {isa = PBXFileReference; lastKnownFileType = sourcecode.swift; path = MemoGame.swift; sourceTree = "<group>"; };
		277721C125E8FA7D00C7B657 /* EmojiMemoGame.swift */ = {isa = PBXFileReference; lastKnownFileType = sourcecode.swift; path = EmojiMemoGame.swift; sourceTree = "<group>"; };
		27970D42264DABCA00C93E60 /* Pie.swift */ = {isa = PBXFileReference; lastKnownFileType = sourcecode.swift; path = Pie.swift; sourceTree = "<group>"; };
		27970D44264DB27000C93E60 /* Cardify.swift */ = {isa = PBXFileReference; lastKnownFileType = sourcecode.swift; path = Cardify.swift; sourceTree = "<group>"; };
		27DDB9A225F2B3B7003E0952 /* Grid.swift */ = {isa = PBXFileReference; lastKnownFileType = sourcecode.swift; path = Grid.swift; sourceTree = "<group>"; };
		27DDB9A525F2B9FD003E0952 /* GridLayout.swift */ = {isa = PBXFileReference; fileEncoding = 4; lastKnownFileType = sourcecode.swift; path = GridLayout.swift; sourceTree = "<group>"; };
		27DDB9A825F2C6CB003E0952 /* Array+Identifiable.swift */ = {isa = PBXFileReference; lastKnownFileType = sourcecode.swift; path = "Array+Identifiable.swift"; sourceTree = "<group>"; };
		27DDB9AB25F2D16C003E0952 /* Array+Only.swift */ = {isa = PBXFileReference; lastKnownFileType = sourcecode.swift; path = "Array+Only.swift"; sourceTree = "<group>"; };
/* End PBXFileReference section */

/* Begin PBXFrameworksBuildPhase section */
		275CDE4D25E8E67400EF3B61 /* Frameworks */ = {
			isa = PBXFrameworksBuildPhase;
			buildActionMask = 2147483647;
			files = (
			);
			runOnlyForDeploymentPostprocessing = 0;
		};
/* End PBXFrameworksBuildPhase section */

/* Begin PBXGroup section */
		275CDE4725E8E67400EF3B61 = {
			isa = PBXGroup;
			children = (
				275CDE5225E8E67400EF3B61 /* MemoGame */,
				275CDE5125E8E67400EF3B61 /* Products */,
			);
			sourceTree = "<group>";
		};
		275CDE5125E8E67400EF3B61 /* Products */ = {
			isa = PBXGroup;
			children = (
				275CDE5025E8E67400EF3B61 /* MemoGame.app */,
			);
			name = Products;
			sourceTree = "<group>";
		};
		275CDE5225E8E67400EF3B61 /* MemoGame */ = {
			isa = PBXGroup;
			children = (
				27970D42264DABCA00C93E60 /* Pie.swift */,
				275CDE5325E8E67400EF3B61 /* MemoGameApp.swift */,
				275CDE5525E8E67400EF3B61 /* EmojiMemoGameView.swift */,
				27970D44264DB27000C93E60 /* Cardify.swift */,
				27DDB9A225F2B3B7003E0952 /* Grid.swift */,
				27DDB9A825F2C6CB003E0952 /* Array+Identifiable.swift */,
				27DDB9A525F2B9FD003E0952 /* GridLayout.swift */,
				277721BE25E8F8D300C7B657 /* MemoGame.swift */,
				27DDB9AB25F2D16C003E0952 /* Array+Only.swift */,
				277721C125E8FA7D00C7B657 /* EmojiMemoGame.swift */,
				275CDE5725E8E67600EF3B61 /* Assets.xcassets */,
				275CDE5C25E8E67600EF3B61 /* Info.plist */,
				275CDE5925E8E67600EF3B61 /* Preview Content */,
			);
			path = MemoGame;
			sourceTree = "<group>";
		};
		275CDE5925E8E67600EF3B61 /* Preview Content */ = {
			isa = PBXGroup;
			children = (
				275CDE5A25E8E67600EF3B61 /* Preview Assets.xcassets */,
			);
			path = "Preview Content";
			sourceTree = "<group>";
		};
/* End PBXGroup section */

/* Begin PBXNativeTarget section */
		275CDE4F25E8E67400EF3B61 /* MemoGame */ = {
			isa = PBXNativeTarget;
			buildConfigurationList = 275CDE5F25E8E67600EF3B61 /* Build configuration list for PBXNativeTarget "MemoGame" */;
			buildPhases = (
				275CDE4C25E8E67400EF3B61 /* Sources */,
				275CDE4D25E8E67400EF3B61 /* Frameworks */,
				275CDE4E25E8E67400EF3B61 /* Resources */,
			);
			buildRules = (
			);
			dependencies = (
			);
			name = MemoGame;
			productName = MemoGame;
			productReference = 275CDE5025E8E67400EF3B61 /* MemoGame.app */;
			productType = "com.apple.product-type.application";
		};
/* End PBXNativeTarget section */

/* Begin PBXProject section */
		275CDE4825E8E67400EF3B61 /* Project object */ = {
			isa = PBXProject;
			attributes = {
				LastSwiftUpdateCheck = 1240;
				LastUpgradeCheck = 1240;
				TargetAttributes = {
					275CDE4F25E8E67400EF3B61 = {
						CreatedOnToolsVersion = 12.4;
					};
				};
			};
			buildConfigurationList = 275CDE4B25E8E67400EF3B61 /* Build configuration list for PBXProject "MemoGame" */;
			compatibilityVersion = "Xcode 9.3";
			developmentRegion = en;
			hasScannedForEncodings = 0;
			knownRegions = (
				en,
				Base,
			);
			mainGroup = 275CDE4725E8E67400EF3B61;
			productRefGroup = 275CDE5125E8E67400EF3B61 /* Products */;
			projectDirPath = "";
			projectRoot = "";
			targets = (
				275CDE4F25E8E67400EF3B61 /* MemoGame */,
			);
		};
/* End PBXProject section */

/* Begin PBXResourcesBuildPhase section */
		275CDE4E25E8E67400EF3B61 /* Resources */ = {
			isa = PBXResourcesBuildPhase;
			buildActionMask = 2147483647;
			files = (
				275CDE5B25E8E67600EF3B61 /* Preview Assets.xcassets in Resources */,
				275CDE5825E8E67600EF3B61 /* Assets.xcassets in Resources */,
			);
			runOnlyForDeploymentPostprocessing = 0;
		};
/* End PBXResourcesBuildPhase section */

/* Begin PBXSourcesBuildPhase section */
		275CDE4C25E8E67400EF3B61 /* Sources */ = {
			isa = PBXSourcesBuildPhase;
			buildActionMask = 2147483647;
			files = (
				275CDE5625E8E67400EF3B61 /* EmojiMemoGameView.swift in Sources */,
				275CDE5425E8E67400EF3B61 /* MemoGameApp.swift in Sources */,
				277721C225E8FA7D00C7B657 /* EmojiMemoGame.swift in Sources */,
				27970D43264DABCA00C93E60 /* Pie.swift in Sources */,
				27DDB9A625F2B9FD003E0952 /* GridLayout.swift in Sources */,
				27DDB9A325F2B3B7003E0952 /* Grid.swift in Sources */,
				27DDB9A925F2C6CB003E0952 /* Array+Identifiable.swift in Sources */,
				277721BF25E8F8D300C7B657 /* MemoGame.swift in Sources */,
				27970D45264DB27000C93E60 /* Cardify.swift in Sources */,
				27DDB9AC25F2D16C003E0952 /* Array+Only.swift in Sources */,
			);
			runOnlyForDeploymentPostprocessing = 0;
		};
/* End PBXSourcesBuildPhase section */

/* Begin XCBuildConfiguration section */
		275CDE5D25E8E67600EF3B61 /* Debug */ = {
			isa = XCBuildConfiguration;
			buildSettings = {
				ALWAYS_SEARCH_USER_PATHS = NO;
				CLANG_ANALYZER_NONNULL = YES;
				CLANG_ANALYZER_NUMBER_OBJECT_CONVERSION = YES_AGGRESSIVE;
				CLANG_CXX_LANGUAGE_STANDARD = "gnu++14";
				CLANG_CXX_LIBRARY = "libc++";
				CLANG_ENABLE_MODULES = YES;
				CLANG_ENABLE_OBJC_ARC = YES;
				CLANG_ENABLE_OBJC_WEAK = YES;
				CLANG_WARN_BLOCK_CAPTURE_AUTORELEASING = YES;
				CLANG_WARN_BOOL_CONVERSION = YES;
				CLANG_WARN_COMMA = YES;
				CLANG_WARN_CONSTANT_CONVERSION = YES;
				CLANG_WARN_DEPRECATED_OBJC_IMPLEMENTATIONS = YES;
				CLANG_WARN_DIRECT_OBJC_ISA_USAGE = YES_ERROR;
				CLANG_WARN_DOCUMENTATION_COMMENTS = YES;
				CLANG_WARN_EMPTY_BODY = YES;
				CLANG_WARN_ENUM_CONVERSION = YES;
				CLANG_WARN_INFINITE_RECURSION = YES;
				CLANG_WARN_INT_CONVERSION = YES;
				CLANG_WARN_NON_LITERAL_NULL_CONVERSION = YES;
				CLANG_WARN_OBJC_IMPLICIT_RETAIN_SELF = YES;
				CLANG_WARN_OBJC_LITERAL_CONVERSION = YES;
				CLANG_WARN_OBJC_ROOT_CLASS = YES_ERROR;
				CLANG_WARN_QUOTED_INCLUDE_IN_FRAMEWORK_HEADER = YES;
				CLANG_WARN_RANGE_LOOP_ANALYSIS = YES;
				CLANG_WARN_STRICT_PROTOTYPES = YES;
				CLANG_WARN_SUSPICIOUS_MOVE = YES;
				CLANG_WARN_UNGUARDED_AVAILABILITY = YES_AGGRESSIVE;
				CLANG_WARN_UNREACHABLE_CODE = YES;
				CLANG_WARN__DUPLICATE_METHOD_MATCH = YES;
				COPY_PHASE_STRIP = NO;
				DEBUG_INFORMATION_FORMAT = dwarf;
				ENABLE_STRICT_OBJC_MSGSEND = YES;
				ENABLE_TESTABILITY = YES;
				GCC_C_LANGUAGE_STANDARD = gnu11;
				GCC_DYNAMIC_NO_PIC = NO;
				GCC_NO_COMMON_BLOCKS = YES;
				GCC_OPTIMIZATION_LEVEL = 0;
				GCC_PREPROCESSOR_DEFINITIONS = (
					"DEBUG=1",
					"$(inherited)",
				);
				GCC_WARN_64_TO_32_BIT_CONVERSION = YES;
				GCC_WARN_ABOUT_RETURN_TYPE = YES_ERROR;
				GCC_WARN_UNDECLARED_SELECTOR = YES;
				GCC_WARN_UNINITIALIZED_AUTOS = YES_AGGRESSIVE;
				GCC_WARN_UNUSED_FUNCTION = YES;
				GCC_WARN_UNUSED_VARIABLE = YES;
				IPHONEOS_DEPLOYMENT_TARGET = 14.4;
				MTL_ENABLE_DEBUG_INFO = INCLUDE_SOURCE;
				MTL_FAST_MATH = YES;
				ONLY_ACTIVE_ARCH = YES;
				SDKROOT = iphoneos;
				SWIFT_ACTIVE_COMPILATION_CONDITIONS = DEBUG;
				SWIFT_OPTIMIZATION_LEVEL = "-Onone";
			};
			name = Debug;
		};
		275CDE5E25E8E67600EF3B61 /* Release */ = {
			isa = XCBuildConfiguration;
			buildSettings = {
				ALWAYS_SEARCH_USER_PATHS = NO;
				CLANG_ANALYZER_NONNULL = YES;
				CLANG_ANALYZER_NUMBER_OBJECT_CONVERSION = YES_AGGRESSIVE;
				CLANG_CXX_LANGUAGE_STANDARD = "gnu++14";
				CLANG_CXX_LIBRARY = "libc++";
				CLANG_ENABLE_MODULES = YES;
				CLANG_ENABLE_OBJC_ARC = YES;
				CLANG_ENABLE_OBJC_WEAK = YES;
				CLANG_WARN_BLOCK_CAPTURE_AUTORELEASING = YES;
				CLANG_WARN_BOOL_CONVERSION = YES;
				CLANG_WARN_COMMA = YES;
				CLANG_WARN_CONSTANT_CONVERSION = YES;
				CLANG_WARN_DEPRECATED_OBJC_IMPLEMENTATIONS = YES;
				CLANG_WARN_DIRECT_OBJC_ISA_USAGE = YES_ERROR;
				CLANG_WARN_DOCUMENTATION_COMMENTS = YES;
				CLANG_WARN_EMPTY_BODY = YES;
				CLANG_WARN_ENUM_CONVERSION = YES;
				CLANG_WARN_INFINITE_RECURSION = YES;
				CLANG_WARN_INT_CONVERSION = YES;
				CLANG_WARN_NON_LITERAL_NULL_CONVERSION = YES;
				CLANG_WARN_OBJC_IMPLICIT_RETAIN_SELF = YES;
				CLANG_WARN_OBJC_LITERAL_CONVERSION = YES;
				CLANG_WARN_OBJC_ROOT_CLASS = YES_ERROR;
				CLANG_WARN_QUOTED_INCLUDE_IN_FRAMEWORK_HEADER = YES;
				CLANG_WARN_RANGE_LOOP_ANALYSIS = YES;
				CLANG_WARN_STRICT_PROTOTYPES = YES;
				CLANG_WARN_SUSPICIOUS_MOVE = YES;
				CLANG_WARN_UNGUARDED_AVAILABILITY = YES_AGGRESSIVE;
				CLANG_WARN_UNREACHABLE_CODE = YES;
				CLANG_WARN__DUPLICATE_METHOD_MATCH = YES;
				COPY_PHASE_STRIP = NO;
				DEBUG_INFORMATION_FORMAT = "dwarf-with-dsym";
				ENABLE_NS_ASSERTIONS = NO;
				ENABLE_STRICT_OBJC_MSGSEND = YES;
				GCC_C_LANGUAGE_STANDARD = gnu11;
				GCC_NO_COMMON_BLOCKS = YES;
				GCC_WARN_64_TO_32_BIT_CONVERSION = YES;
				GCC_WARN_ABOUT_RETURN_TYPE = YES_ERROR;
				GCC_WARN_UNDECLARED_SELECTOR = YES;
				GCC_WARN_UNINITIALIZED_AUTOS = YES_AGGRESSIVE;
				GCC_WARN_UNUSED_FUNCTION = YES;
				GCC_WARN_UNUSED_VARIABLE = YES;
				IPHONEOS_DEPLOYMENT_TARGET = 14.4;
				MTL_ENABLE_DEBUG_INFO = NO;
				MTL_FAST_MATH = YES;
				SDKROOT = iphoneos;
				SWIFT_COMPILATION_MODE = wholemodule;
				SWIFT_OPTIMIZATION_LEVEL = "-O";
				VALIDATE_PRODUCT = YES;
			};
			name = Release;
		};
		275CDE6025E8E67600EF3B61 /* Debug */ = {
			isa = XCBuildConfiguration;
			buildSettings = {
				ASSETCATALOG_COMPILER_APPICON_NAME = AppIcon;
				ASSETCATALOG_COMPILER_GLOBAL_ACCENT_COLOR_NAME = AccentColor;
				CODE_SIGN_STYLE = Automatic;
				DEVELOPMENT_ASSET_PATHS = "\"MemoGame/Preview Content\"";
				DEVELOPMENT_TEAM = S7QK3PZ8XV;
				ENABLE_PREVIEWS = YES;
				INFOPLIST_FILE = MemoGame/Info.plist;
				IPHONEOS_DEPLOYMENT_TARGET = 14.0;
				LD_RUNPATH_SEARCH_PATHS = (
					"$(inherited)",
					"@executable_path/Frameworks",
				);
				PRODUCT_BUNDLE_IDENTIFIER = tan.MemoGame;
				PRODUCT_NAME = "$(TARGET_NAME)";
				SWIFT_VERSION = 5.0;
				TARGETED_DEVICE_FAMILY = "1,2";
			};
			name = Debug;
		};
		275CDE6125E8E67600EF3B61 /* Release */ = {
			isa = XCBuildConfiguration;
			buildSettings = {
				ASSETCATALOG_COMPILER_APPICON_NAME = AppIcon;
				ASSETCATALOG_COMPILER_GLOBAL_ACCENT_COLOR_NAME = AccentColor;
				CODE_SIGN_STYLE = Automatic;
				DEVELOPMENT_ASSET_PATHS = "\"MemoGame/Preview Content\"";
				DEVELOPMENT_TEAM = S7QK3PZ8XV;
				ENABLE_PREVIEWS = YES;
				INFOPLIST_FILE = MemoGame/Info.plist;
				IPHONEOS_DEPLOYMENT_TARGET = 14.0;
				LD_RUNPATH_SEARCH_PATHS = (
					"$(inherited)",
					"@executable_path/Frameworks",
				);
				PRODUCT_BUNDLE_IDENTIFIER = tan.MemoGame;
				PRODUCT_NAME = "$(TARGET_NAME)";
				SWIFT_VERSION = 5.0;
				TARGETED_DEVICE_FAMILY = "1,2";
			};
			name = Release;
		};
/* End XCBuildConfiguration section */

/* Begin XCConfigurationList section */
		275CDE4B25E8E67400EF3B61 /* Build configuration list for PBXProject "MemoGame" */ = {
			isa = XCConfigurationList;
			buildConfigurations = (
				275CDE5D25E8E67600EF3B61 /* Debug */,
				275CDE5E25E8E67600EF3B61 /* Release */,
			);
			defaultConfigurationIsVisible = 0;
			defaultConfigurationName = Release;
		};
		275CDE5F25E8E67600EF3B61 /* Build configuration list for PBXNativeTarget "MemoGame" */ = {
			isa = XCConfigurationList;
			buildConfigurations = (
				275CDE6025E8E67600EF3B61 /* Debug */,
				275CDE6125E8E67600EF3B61 /* Release */,
			);
			defaultConfigurationIsVisible = 0;
			defaultConfigurationName = Release;
		};
/* End XCConfigurationList section */
	};
	rootObject = 275CDE4825E8E67400EF3B61 /* Project object */;
}
